// !$*UTF8*$!
{
	archiveVersion = 1;
	classes = {
	};
	objectVersion = 50;
	objects = {

/* Begin PBXBuildFile section */
		D07E9969241EFF100034E70B /* AppDelegate.swift in Sources */ = {isa = PBXBuildFile; fileRef = D07E9968241EFF100034E70B /* AppDelegate.swift */; };
		D07E996B241EFF130034E70B /* Assets.xcassets in Resources */ = {isa = PBXBuildFile; fileRef = D07E996A241EFF130034E70B /* Assets.xcassets */; };
		D07E996E241EFF130034E70B /* MainMenu.xib in Resources */ = {isa = PBXBuildFile; fileRef = D07E996C241EFF130034E70B /* MainMenu.xib */; };
		D07E9978241EFF240034E70B /* MyWindowController.swift in Sources */ = {isa = PBXBuildFile; fileRef = D07E9976241EFF240034E70B /* MyWindowController.swift */; };
		D07E9979241EFF240034E70B /* MyWindowController.xib in Resources */ = {isa = PBXBuildFile; fileRef = D07E9977241EFF240034E70B /* MyWindowController.xib */; };
/* End PBXBuildFile section */

/* Begin PBXFileReference section */
		D07E9965241EFF100034E70B /* NSWIndowLevelSample.app */ = {isa = PBXFileReference; explicitFileType = wrapper.application; includeInIndex = 0; path = NSWIndowLevelSample.app; sourceTree = BUILT_PRODUCTS_DIR; };
		D07E9968241EFF100034E70B /* AppDelegate.swift */ = {isa = PBXFileReference; lastKnownFileType = sourcecode.swift; path = AppDelegate.swift; sourceTree = "<group>"; };
		D07E996A241EFF130034E70B /* Assets.xcassets */ = {isa = PBXFileReference; lastKnownFileType = folder.assetcatalog; path = Assets.xcassets; sourceTree = "<group>"; };
		D07E996D241EFF130034E70B /* Base */ = {isa = PBXFileReference; lastKnownFileType = file.xib; name = Base; path = Base.lproj/MainMenu.xib; sourceTree = "<group>"; };
		D07E996F241EFF130034E70B /* Info.plist */ = {isa = PBXFileReference; lastKnownFileType = text.plist.xml; path = Info.plist; sourceTree = "<group>"; };
		D07E9970241EFF130034E70B /* NSWIndowLevelSample.entitlements */ = {isa = PBXFileReference; lastKnownFileType = text.plist.entitlements; path = NSWIndowLevelSample.entitlements; sourceTree = "<group>"; };
		D07E9976241EFF240034E70B /* MyWindowController.swift */ = {isa = PBXFileReference; lastKnownFileType = sourcecode.swift; path = MyWindowController.swift; sourceTree = "<group>"; };
		D07E9977241EFF240034E70B /* MyWindowController.xib */ = {isa = PBXFileReference; lastKnownFileType = file.xib; path = MyWindowController.xib; sourceTree = "<group>"; };
/* End PBXFileReference section */

/* Begin PBXFrameworksBuildPhase section */
		D07E9962241EFF100034E70B /* Frameworks */ = {
			isa = PBXFrameworksBuildPhase;
			buildActionMask = 2147483647;
			files = (
			);
			runOnlyForDeploymentPostprocessing = 0;
		};
/* End PBXFrameworksBuildPhase section */

/* Begin PBXGroup section */
		D07E995C241EFF100034E70B = {
			isa = PBXGroup;
			children = (
				D07E9967241EFF100034E70B /* NSWIndowLevelSample */,
				D07E9966241EFF100034E70B /* Products */,
			);
			sourceTree = "<group>";
		};
		D07E9966241EFF100034E70B /* Products */ = {
			isa = PBXGroup;
			children = (
				D07E9965241EFF100034E70B /* NSWIndowLevelSample.app */,
			);
			name = Products;
			sourceTree = "<group>";
		};
		D07E9967241EFF100034E70B /* NSWIndowLevelSample */ = {
			isa = PBXGroup;
			children = (
				D07E9968241EFF100034E70B /* AppDelegate.swift */,
				D07E996A241EFF130034E70B /* Assets.xcassets */,
				D07E996C241EFF130034E70B /* MainMenu.xib */,
				D07E996F241EFF130034E70B /* Info.plist */,
				D07E9970241EFF130034E70B /* NSWIndowLevelSample.entitlements */,
				D07E9976241EFF240034E70B /* MyWindowController.swift */,
				D07E9977241EFF240034E70B /* MyWindowController.xib */,
			);
			path = NSWIndowLevelSample;
			sourceTree = "<group>";
		};
/* End PBXGroup section */

/* Begin PBXNativeTarget section */
		D07E9964241EFF100034E70B /* NSWIndowLevelSample */ = {
			isa = PBXNativeTarget;
			buildConfigurationList = D07E9973241EFF130034E70B /* Build configuration list for PBXNativeTarget "NSWIndowLevelSample" */;
			buildPhases = (
				D07E9961241EFF100034E70B /* Sources */,
				D07E9962241EFF100034E70B /* Frameworks */,
				D07E9963241EFF100034E70B /* Resources */,
			);
			buildRules = (
			);
			dependencies = (
			);
			name = NSWIndowLevelSample;
			productName = NSWIndowLevelSample;
			productReference = D07E9965241EFF100034E70B /* NSWIndowLevelSample.app */;
			productType = "com.apple.product-type.application";
		};
/* End PBXNativeTarget section */

/* Begin PBXProject section */
		D07E995D241EFF100034E70B /* Project object */ = {
			isa = PBXProject;
			attributes = {
				LastSwiftUpdateCheck = 1130;
				LastUpgradeCheck = 1130;
				ORGANIZATIONNAME = hikeuchi;
				TargetAttributes = {
					D07E9964241EFF100034E70B = {
						CreatedOnToolsVersion = 11.3.1;
					};
				};
			};
			buildConfigurationList = D07E9960241EFF100034E70B /* Build configuration list for PBXProject "NSWIndowLevelSample" */;
			compatibilityVersion = "Xcode 9.3";
			developmentRegion = en;
			hasScannedForEncodings = 0;
			knownRegions = (
				en,
				Base,
			);
			mainGroup = D07E995C241EFF100034E70B;
			productRefGroup = D07E9966241EFF100034E70B /* Products */;
			projectDirPath = "";
			projectRoot = "";
			targets = (
				D07E9964241EFF100034E70B /* NSWIndowLevelSample */,
			);
		};
/* End PBXProject section */

/* Begin PBXResourcesBuildPhase section */
		D07E9963241EFF100034E70B /* Resources */ = {
			isa = PBXResourcesBuildPhase;
			buildActionMask = 2147483647;
			files = (
				D07E9979241EFF240034E70B /* MyWindowController.xib in Resources */,
				D07E996B241EFF130034E70B /* Assets.xcassets in Resources */,
				D07E996E241EFF130034E70B /* MainMenu.xib in Resources */,
			);
			runOnlyForDeploymentPostprocessing = 0;
		};
/* End PBXResourcesBuildPhase section */

/* Begin PBXSourcesBuildPhase section */
		D07E9961241EFF100034E70B /* Sources */ = {
			isa = PBXSourcesBuildPhase;
			buildActionMask = 2147483647;
			files = (
				D07E9969241EFF100034E70B /* AppDelegate.swift in Sources */,
				D07E9978241EFF240034E70B /* MyWindowController.swift in Sources */,
			);
			runOnlyForDeploymentPostprocessing = 0;
		};
/* End PBXSourcesBuildPhase section */

/* Begin PBXVariantGroup section */
		D07E996C241EFF130034E70B /* MainMenu.xib */ = {
			isa = PBXVariantGroup;
			children = (
				D07E996D241EFF130034E70B /* Base */,
			);
			name = MainMenu.xib;
			sourceTree = "<group>";
		};
/* End PBXVariantGroup section */

/* Begin XCBuildConfiguration section */
		D07E9971241EFF130034E70B /* Debug */ = {
			isa = XCBuildConfiguration;
			buildSettings = {
				ALWAYS_SEARCH_USER_PATHS = NO;
				CLANG_ANALYZER_NONNULL = YES;
				CLANG_ANALYZER_NUMBER_OBJECT_CONVERSION = YES_AGGRESSIVE;
				CLANG_CXX_LANGUAGE_STANDARD = "gnu++14";
				CLANG_CXX_LIBRARY = "libc++";
				CLANG_ENABLE_MODULES = YES;
				CLANG_ENABLE_OBJC_ARC = YES;
				CLANG_ENABLE_OBJC_WEAK = YES;
				CLANG_WARN_BLOCK_CAPTURE_AUTORELEASING = YES;
				CLANG_WARN_BOOL_CONVERSION = YES;
				CLANG_WARN_COMMA = YES;
				CLANG_WARN_CONSTANT_CONVERSION = YES;
				CLANG_WARN_DEPRECATED_OBJC_IMPLEMENTATIONS = YES;
				CLANG_WARN_DIRECT_OBJC_ISA_USAGE = YES_ERROR;
				CLANG_WARN_DOCUMENTATION_COMMENTS = YES;
				CLANG_WARN_EMPTY_BODY = YES;
				CLANG_WARN_ENUM_CONVERSION = YES;
				CLANG_WARN_INFINITE_RECURSION = YES;
				CLANG_WARN_INT_CONVERSION = YES;
				CLANG_WARN_NON_LITERAL_NULL_CONVERSION = YES;
				CLANG_WARN_OBJC_IMPLICIT_RETAIN_SELF = YES;
				CLANG_WARN_OBJC_LITERAL_CONVERSION = YES;
				CLANG_WARN_OBJC_ROOT_CLASS = YES_ERROR;
				CLANG_WARN_RANGE_LOOP_ANALYSIS = YES;
				CLANG_WARN_STRICT_PROTOTYPES = YES;
				CLANG_WARN_SUSPICIOUS_MOVE = YES;
				CLANG_WARN_UNGUARDED_AVAILABILITY = YES_AGGRESSIVE;
				CLANG_WARN_UNREACHABLE_CODE = YES;
				CLANG_WARN__DUPLICATE_METHOD_MATCH = YES;
				COPY_PHASE_STRIP = NO;
				DEBUG_INFORMATION_FORMAT = dwarf;
				ENABLE_STRICT_OBJC_MSGSEND = YES;
				ENABLE_TESTABILITY = YES;
				GCC_C_LANGUAGE_STANDARD = gnu11;
				GCC_DYNAMIC_NO_PIC = NO;
				GCC_NO_COMMON_BLOCKS = YES;
				GCC_OPTIMIZATION_LEVEL = 0;
				GCC_PREPROCESSOR_DEFINITIONS = (
					"DEBUG=1",
					"$(inherited)",
				);
				GCC_WARN_64_TO_32_BIT_CONVERSION = YES;
				GCC_WARN_ABOUT_RETURN_TYPE = YES_ERROR;
				GCC_WARN_UNDECLARED_SELECTOR = YES;
				GCC_WARN_UNINITIALIZED_AUTOS = YES_AGGRESSIVE;
				GCC_WARN_UNUSED_FUNCTION = YES;
				GCC_WARN_UNUSED_VARIABLE = YES;
				MACOSX_DEPLOYMENT_TARGET = 10.15;
				MTL_ENABLE_DEBUG_INFO = INCLUDE_SOURCE;
				MTL_FAST_MATH = YES;
				ONLY_ACTIVE_ARCH = YES;
				SDKROOT = macosx;
				SWIFT_ACTIVE_COMPILATION_CONDITIONS = DEBUG;
				SWIFT_OPTIMIZATION_LEVEL = "-Onone";
			};
			name = Debug;
		};
		D07E9972241EFF130034E70B /* Release */ = {
			isa = XCBuildConfiguration;
			buildSettings = {
				ALWAYS_SEARCH_USER_PATHS = NO;
				CLANG_ANALYZER_NONNULL = YES;
				CLANG_ANALYZER_NUMBER_OBJECT_CONVERSION = YES_AGGRESSIVE;
				CLANG_CXX_LANGUAGE_STANDARD = "gnu++14";
				CLANG_CXX_LIBRARY = "libc++";
				CLANG_ENABLE_MODULES = YES;
				CLANG_ENABLE_OBJC_ARC = YES;
				CLANG_ENABLE_OBJC_WEAK = YES;
				CLANG_WARN_BLOCK_CAPTURE_AUTORELEASING = YES;
				CLANG_WARN_BOOL_CONVERSION = YES;
				CLANG_WARN_COMMA = YES;
				CLANG_WARN_CONSTANT_CONVERSION = YES;
				CLANG_WARN_DEPRECATED_OBJC_IMPLEMENTATIONS = YES;
				CLANG_WARN_DIRECT_OBJC_ISA_USAGE = YES_ERROR;
				CLANG_WARN_DOCUMENTATION_COMMENTS = YES;
				CLANG_WARN_EMPTY_BODY = YES;
				CLANG_WARN_ENUM_CONVERSION = YES;
				CLANG_WARN_INFINITE_RECURSION = YES;
				CLANG_WARN_INT_CONVERSION = YES;
				CLANG_WARN_NON_LITERAL_NULL_CONVERSION = YES;
				CLANG_WARN_OBJC_IMPLICIT_RETAIN_SELF = YES;
				CLANG_WARN_OBJC_LITERAL_CONVERSION = YES;
				CLANG_WARN_OBJC_ROOT_CLASS = YES_ERROR;
				CLANG_WARN_RANGE_LOOP_ANALYSIS = YES;
				CLANG_WARN_STRICT_PROTOTYPES = YES;
				CLANG_WARN_SUSPICIOUS_MOVE = YES;
				CLANG_WARN_UNGUARDED_AVAILABILITY = YES_AGGRESSIVE;
				CLANG_WARN_UNREACHABLE_CODE = YES;
				CLANG_WARN__DUPLICATE_METHOD_MATCH = YES;
				COPY_PHASE_STRIP = NO;
				DEBUG_INFORMATION_FORMAT = "dwarf-with-dsym";
				ENABLE_NS_ASSERTIONS = NO;
				ENABLE_STRICT_OBJC_MSGSEND = YES;
				GCC_C_LANGUAGE_STANDARD = gnu11;
				GCC_NO_COMMON_BLOCKS = YES;
				GCC_WARN_64_TO_32_BIT_CONVERSION = YES;
				GCC_WARN_ABOUT_RETURN_TYPE = YES_ERROR;
				GCC_WARN_UNDECLARED_SELECTOR = YES;
				GCC_WARN_UNINITIALIZED_AUTOS = YES_AGGRESSIVE;
				GCC_WARN_UNUSED_FUNCTION = YES;
				GCC_WARN_UNUSED_VARIABLE = YES;
				MACOSX_DEPLOYMENT_TARGET = 10.15;
				MTL_ENABLE_DEBUG_INFO = NO;
				MTL_FAST_MATH = YES;
				SDKROOT = macosx;
				SWIFT_COMPILATION_MODE = wholemodule;
				SWIFT_OPTIMIZATION_LEVEL = "-O";
			};
			name = Release;
		};
		D07E9974241EFF130034E70B /* Debug */ = {
			isa = XCBuildConfiguration;
			buildSettings = {
				ASSETCATALOG_COMPILER_APPICON_NAME = AppIcon;
				CODE_SIGN_ENTITLEMENTS = NSWIndowLevelSample/NSWIndowLevelSample.entitlements;
				CODE_SIGN_STYLE = Automatic;
				COMBINE_HIDPI_IMAGES = YES;
				INFOPLIST_FILE = NSWIndowLevelSample/Info.plist;
				LD_RUNPATH_SEARCH_PATHS = (
					"$(inherited)",
					"@executable_path/../Frameworks",
				);
				PRODUCT_BUNDLE_IDENTIFIER = jp.co.hikeuchi.NSWIndowLevelSample;
				PRODUCT_NAME = "$(TARGET_NAME)";
				SWIFT_VERSION = 5.0;
			};
			name = Debug;
		};
		D07E9975241EFF130034E70B /* Release */ = {
			isa = XCBuildConfiguration;
			buildSettings = {
				ASSETCATALOG_COMPILER_APPICON_NAME = AppIcon;
				CODE_SIGN_ENTITLEMENTS = NSWIndowLevelSample/NSWIndowLevelSample.entitlements;
				CODE_SIGN_STYLE = Automatic;
				COMBINE_HIDPI_IMAGES = YES;
				INFOPLIST_FILE = NSWIndowLevelSample/Info.plist;
				LD_RUNPATH_SEARCH_PATHS = (
					"$(inherited)",
					"@executable_path/../Frameworks",
				);
				PRODUCT_BUNDLE_IDENTIFIER = jp.co.hikeuchi.NSWIndowLevelSample;
				PRODUCT_NAME = "$(TARGET_NAME)";
				SWIFT_VERSION = 5.0;
			};
			name = Release;
		};
/* End XCBuildConfiguration section */

/* Begin XCConfigurationList section */
		D07E9960241EFF100034E70B /* Build configuration list for PBXProject "NSWIndowLevelSample" */ = {
			isa = XCConfigurationList;
			buildConfigurations = (
				D07E9971241EFF130034E70B /* Debug */,
				D07E9972241EFF130034E70B /* Release */,
			);
			defaultConfigurationIsVisible = 0;
			defaultConfigurationName = Release;
		};
		D07E9973241EFF130034E70B /* Build configuration list for PBXNativeTarget "NSWIndowLevelSample" */ = {
			isa = XCConfigurationList;
			buildConfigurations = (
				D07E9974241EFF130034E70B /* Debug */,
				D07E9975241EFF130034E70B /* Release */,
			);
			defaultConfigurationIsVisible = 0;
			defaultConfigurationName = Release;
		};
/* End XCConfigurationList section */
	};
	rootObject = D07E995D241EFF100034E70B /* Project object */;
}
